
Microsoft Visual Studio Solution File, Format Version 12.00
# Visual Studio Version 16
VisualStudioVersion = 16.0.31105.61
MinimumVisualStudioVersion = 10.0.40219.1
Project("{FAE04EC0-301F-11D3-BF4B-00C04F79EFBC}") = "Checkout1", "Checkout1\Checkout1.csproj", "{14D847A1-CAB4-4289-BD69-C662A75DA951}"
EndProject
Global
	GlobalSection(SolutionConfigurationPlatforms) = preSolution
		Debug|Any CPU = Debug|Any CPU
		Release|Any CPU = Release|Any CPU
	EndGlobalSection
	GlobalSection(ProjectConfigurationPlatforms) = postSolution
		{14D847A1-CAB4-4289-BD69-C662A75DA951}.Debug|Any CPU.ActiveCfg = Debug|Any CPU
		{14D847A1-CAB4-4289-BD69-C662A75DA951}.Debug|Any CPU.Build.0 = Debug|Any CPU
		{14D847A1-CAB4-4289-BD69-C662A75DA951}.Release|Any CPU.ActiveCfg = Release|Any CPU
		{14D847A1-CAB4-4289-BD69-C662A75DA951}.Release|Any CPU.Build.0 = Release|Any CPU
	EndGlobalSection
	GlobalSection(SolutionProperties) = preSolution
		HideSolutionNode = FALSE
	EndGlobalSection
	GlobalSection(ExtensibilityGlobals) = postSolution
		SolutionGuid = {FF000DEF-A7E8-450C-B8B9-707A75012BDC}
	EndGlobalSection
EndGlobal
